{
    "_meta": {
        "hash": {
            "sha256": "9e52e5a9dd0a1d202a589529978cf63281a5541f6053cc76c59a5abad6c072d1"
        },
        "pipfile-spec": 6,
        "requires": {
            "python_version": "3.11"
        },
        "sources": [
            {
                "name": "pypi",
                "url": "https://pypi.org/simple",
                "verify_ssl": true
            }
        ]
    },
    "default": {
        "appscript": {
            "hashes": [
                "sha256:0306c09f55f799716fc2badd072b16538a797d2acbc3ea2adc55553293d18188",
                "sha256:0396978b95e06c2cabba117cc172add1df188c51a1b80fc6648aad16890a84c8",
                "sha256:1a5747425d2a5732e2854cab0d0dc893ef077cabd7d57f7ec4caea2ac313e19f",
                "sha256:48d961f83be1de6aa9286d0cfae2060d3ded4302902873d34cd45ca2757c50b3",
                "sha256:5efce3302c00674b769b79938cc5f66f7791ef45c6419e850a5f1c8f9fcefcc1",
                "sha256:6ab3be221cf5e798fe1a1930b93c4b791c5cae4e5fd781cb9fb6e35fb7930274",
                "sha256:7710db497d279d819f487dea686866b56c6c1e557befef4631b78553c523334c",
                "sha256:8edab6b8def4862c9582e5d8f5f72c23a3749f2d059f80e4b5ae101a53805116",
                "sha256:b2c6fc770bf822ea45529c7084bc0ee340e67ab260016b01d28e0449ec8723be",
                "sha256:ddecaff061f829fcfe5b0452a272f9aa5ac1f61b3929fa18b6f0f100e8eaf306",
                "sha256:de0b644f1b86f05d7526e5621bd2fcf36f077fc90fd328e63ba12dd3e267eb9e"
            ],
            "markers": "platform_system == 'Darwin'",
            "version": "==1.4.0"
        },
        "et-xmlfile": {
            "hashes": [
                "sha256:7a91720bc756843502c3b7504c77b8fe44217c85c537d85037f0f536151b2caa",
                "sha256:dab3f4764309081ce75662649be815c4c9081e88f0837825f90fd28317d4da54"
            ],
            "markers": "python_version >= '3.8'",
            "version": "==2.0.0"
        },
        "lxml": {
            "hashes": [
                "sha256:0132bb040e9bb5a199302e12bf942741defbc52922a2a06ce9ff7be0d0046483",
                "sha256:03affcacfba4671ebc305813b02bfaf34d80b6a7c5b23eafc5d6da14a1a6e623",
                "sha256:047ffa723e412c06fe30759e04620288c6e27049b4bc1ff2714239285bafb162",
                "sha256:064477c0d4c695aa1ea4b9c1c4ee9043ab740d12135b74c458cc658350adcd86",
                "sha256:07dce892881179e11053066faca2da17b0eeb0bb7298f11bcf842a86db207dbd",
                "sha256:0c08a2a9d0c4028ef5fc5a513b2e1e51af069a83c5b4206139edd08b3b8c2926",
                "sha256:0d4cc697347f6c61764b58767109e270d0b4a92aba4a8053a967ed9de23a5ea9",
                "sha256:0e9ba5bcd75efb8cb4613463e6cfb55b5a76d4143e4cfa06ea027bc6cc696a3e",
                "sha256:108b8d6da624133eaa1a6a5bbcb1f116b878ea9fd050a1724792d979251706fb",
                "sha256:13085e0174e9c9fa4eb5a6bdfb81646d1f7be07e5895c958e89838afb77630c6",
                "sha256:14e4af403766322522440863ca55a9561683b4aedf828df6726b8f83de14a17f",
                "sha256:14fe654a59eebe16368c51778caeb0c8fda6f897adcd9afe828d87d13b5d5e51",
                "sha256:15ae922e8f74b05798a0e88cee46c0244aaec6a66b5e00be7d18648fed8c432e",
                "sha256:15f135577ffb6514b40f02c00c1ba0ca6305248b1e310101ca17787beaf4e7ad",
                "sha256:169d2b2b7c4493abd82da422d23b5c63ae24317c8796d10e9dca78b2e27c05ac",
                "sha256:173cc246d3d3b6d3b6491f0b3aaf22ebdf2eed616879482acad8bd84d73eb231",
                "sha256:1bc2f0f417112cf1a428599dd58125ab74d8e1c66893efd9b907cbb4a5db6e44",
                "sha256:1dcd9e6cb9b7df808ea33daebd1801f37a8f50e8c075013ed2a2343246727838",
                "sha256:1fb4a1606bb68c533002e7ed50d7e55e58f0ef1696330670281cb79d5ab2050d",
                "sha256:2063c486f80c32a576112201c93269a09ebeca5b663092112c5fb39b32556340",
                "sha256:2079f5dc83291ac190a52f8354b78648f221ecac19fb2972a2d056b555824de7",
                "sha256:210ea934cba1a1ec42f88c4190c4d5c67b2d14321a8faed9b39e8378198ff99d",
                "sha256:21284cf36b95dd8be774eb06c304b440cf49ee811800a30080ce6d93700f0383",
                "sha256:25bad2d8438f4ef5a7ad4a8d8bcaadde20c0daced8bdb56d46236b0a7d1cbdd0",
                "sha256:26aee5321e4aa1f07c9090a35f6ab8b703903fb415c6c823cfdb20ee0d779855",
                "sha256:280f8e7398bdc48c7366ad375a5586692cd73b269d9e82e6898f9ada70dc0bcb",
                "sha256:28df3bd54561a353ce24e80c556e993b397a41a6671d567b6c9bee757e1bf894",
                "sha256:2ad61a5fb291e45bb1d680b4de0c99e28547bd249ec57d60e3e59ebe6628a01f",
                "sha256:2c75422b742dd70cc2b5dbffb181ac093a847b338c7ca1495d92918ae35eabae",
                "sha256:2d53b7cdaa961a4343312964f6c5a150d075a55e95e1338078d413bf38eba8c0",
                "sha256:2f0cf04bafc14b0eebfbc3b5b73b296dd76b5d7640d098c02e75884bb0a70f2b",
                "sha256:3109bdeb9674abbc4d8bd3fd273cce4a4087a93f31c17dc321130b71384992e5",
                "sha256:35b3ccdd137e62033662787dd4d2b8be900c686325d6b91e3b1ff6213d05ba11",
                "sha256:3602d57fdb6f744f4c5d0bd49513fe5abbced08af85bba345fc354336667cd47",
                "sha256:371c1b831c2270fcb1a0485a6d8009ac2bdd78a21bbdd244fc586161fcde2c8e",
                "sha256:377ea1d654f76ed6205c87d14920f829c9f4d31df83374d3cbcbdaae804d37b2",
                "sha256:3912221f41d96283b10a7232344351c8511e31f18734c752ed4798c12586ea35",
                "sha256:3b6245ee5241342d45e1a54a4a8bc52ef322333ada74f24aa335c4ab36f20161",
                "sha256:3cce9420fe8f91eae5d457582599d282195c958cb670aa4bea313a79103ba33f",
                "sha256:3eda02da4ca16e9ca22bbe5654470c17fa1abcd967a52e4c2e50ff278221e351",
                "sha256:3f276d49c23103565d39440b9b3f4fc08fa22f5a96395ea4b4d4fea4458b1505",
                "sha256:4137516be2a90775f99d8ef80ec0283f8d78b5d8bd4630ff20163b72e7e9abf2",
                "sha256:45dc690c54b1341fec01743caed02e5f1ea49d7cfb81e3ba48903e5e844ed68a",
                "sha256:48cd5a88da67233fd82f2920db344503c2818255217cd6ea462c9bb8254ba7cb",
                "sha256:4a2c26422c359e93d97afd29f18670ae2079dbe2dd17469f1e181aa6699e96a7",
                "sha256:4fc4bc3743e4db7df4a0d36528cef12fb9c00b32cff23087d8c6878901c3206e",
                "sha256:504edb62df33cea502ea6e73847c647ba228623ca3f80a228be5723a70984dd5",
                "sha256:569d3b18340863f603582d2124e742a68e85755eff5e47c26a55e298521e3a01",
                "sha256:579e20c120c3d231e53f0376058e4e1926b71ca4f7b77a7a75f82aea7a9b501e",
                "sha256:5801072f8967625e6249d162065d0d6011ef8ce3d0efb8754496b5246b81a74b",
                "sha256:5d1d7274f79e4eaefe36abf1126f35413859d14c45a5c19424a71b77b2a55394",
                "sha256:5ff4d73736c80cb9470c8efa492887e4e752a67b7fd798127794e2be103ebef1",
                "sha256:67c3f084389fe75932c39b6869a377f6c8e21e818f31ae8a30c71dd2e59360e2",
                "sha256:695c7708438e449d57f404db8cc1b769e77ad5b50655f32f8175686ba752f293",
                "sha256:6ddceb1bad7f23d0bab0de9c938c03ed3c1dae64c3414ae7d04f0a9a45a20ae1",
                "sha256:6e9e30fd63d41dd0bbdb020af5cdfffd5d9b554d907cb210f18e8fcdc8eac013",
                "sha256:6eb6569faca207c7ef23dd52ee814a4d4607d71ab8e32bc106210990a201078f",
                "sha256:717e702b07b512aca0f09d402896e476cfdc1db12bca0441210b1a36fdddb6dd",
                "sha256:75842801fb48aea73f4c281b923a010dfb39bad75edf8ceb2198ec30c27f01cc",
                "sha256:75912421456946931daba0ec3cedfa824c756585d05bde97813a17992bfbd013",
                "sha256:774660028f8722a598400430d2746fb0075949f84a9a5cd9767d9152e3baaac5",
                "sha256:78388b66a5767aa3698f3b248bb46dcd2310865255bfbecf0c7788087457216d",
                "sha256:79a1173ba3213a3693889a435417d4e9f3c07d96e30dc7cc3a712ed7361015fe",
                "sha256:7f32a27be5fb286febd16c0d13d4a3aee474d34417bd172e64d76c6a28e2dc14",
                "sha256:87af86a8fa55b9ff1e6ee4233d762296f2ce641ba948af783fb995c5a8a3371b",
                "sha256:8a6e8fff7c29d4b43bf2038b02c8b33bb3a8894aa8a8acd5e5211b24990c14b2",
                "sha256:8d7db1fa5f95a8e4fcf0462809f70e536c3248944ddeba692363177ac6b44f2b",
                "sha256:8da4d4840c1bc07da6fcd647784f7fbaf538eeb7a57ce6b2487acc54c5e33330",
                "sha256:8fdae368cb2deb4b2476f886c107aecaaea084e97c0bc0a268861aa0dd2b7237",
                "sha256:905abe6a5888129be18f85f2aea51f0c9863fa0722fb8530dfbb687d2841d221",
                "sha256:931bac5346db22adeaa0297444717a46072c8af459e44b4c5cfe24bd45f8b51e",
                "sha256:94a1f74607a5a049ff6ff8de429fec922e643e32b5b08ec7a4fe49e8de76e17c",
                "sha256:96214985ec194ce97b9028414e179cfb21230cba4e2413aee7e249461bb84f4d",
                "sha256:9a0f5edd2b5026f0ca4f62e22ee7fa051e85554c3b1dff415ada421eb6710aa6",
                "sha256:9a572e7c0b333d1330a8e2a98d9943e767b7bd91bb116928c8a556d8d17017fc",
                "sha256:9a69668bef9268f54a92f2254917df530ca4630a621027437f0e948eb1937e7b",
                "sha256:a2f31380aa9a9b52591e79f1c1d3ac907688fbeb9d883ba28be70f2eb5db2277",
                "sha256:a61a01ec3fbfd5b73a69a7bf513271051fd6c5795d82fc5daa0255934cd8db3d",
                "sha256:a656d1a26d5b2ef3948a092e0de31de8f5853c28845648996247d1b1b1fc9e7c",
                "sha256:a72e2e31dbc3c35427486402472ca5d8ca2ef2b33648ed0d1b22de2a96347b76",
                "sha256:a743714cd656ba7ccb29d199783906064c7b5ba3c0e2a79f0244ea0badc6a98c",
                "sha256:a7d5a627a368a0e861350ccc567a70ec675d2bc4d8b3b54f48995ae78d8d530e",
                "sha256:a8eddf3c705e00738db695a9a77830f8d57f7d21a54954fbef23a1b8806384ed",
                "sha256:a95e29710ecdf99b446990144598f6117271cb2ec19fd45634aa087892087077",
                "sha256:ab8a666bbc77951dd9670301562e00027f4b184fd234d4106038d92617dcc0a7",
                "sha256:ab999933e662501efe4b16e6cfb7c9f9deca7d072cd1788b99c8defde78c0dfb",
                "sha256:aec26080306a66ad5c62fad0053dd2170899b465137caca7eac4b72bda3588bf",
                "sha256:af0b8459c4e21a8417db967b2e453d1855022dac79c79b61fb8214f3da50f17e",
                "sha256:af9678e3a2a047465515d95a61690109af7a4c9486f708249119adcef7861049",
                "sha256:b06d15ca2f04a9cbddaed758a6027518bc557bcb05eb7b006e00af8bb8638e4f",
                "sha256:b2209b310e7ed1d4cd1c00d405ec9c49722fce731c7036abc1d876bf8df78139",
                "sha256:b29bcca95e82cd201d16c2101085faa2669838f4697fd914b7124a6c77032f80",
                "sha256:b5652455de198ff76e02cfa57d5efc5f834fa45521aaf3fcc13d6b5a88bde23d",
                "sha256:b74d5b391fc49fc3cc213c930f87a7dedf2b4b0755aae4638e91e4501e278430",
                "sha256:b8c7976c384dcab4bca42f371449fb711e20f1bfce99c135c9b25614aed80e55",
                "sha256:b8efa9f681f15043e497293d58a4a63199564b253ed2291887d92bb3f74f59ab",
                "sha256:c087d643746489df06fe3ac03460d235b4b3ae705e25838257510c79f834e50f",
                "sha256:c0d86e328405529bc93913add9ff377e8b8ea9be878e611f19dbac7766a84483",
                "sha256:c3787cdc3832b70e21ac2efafea2a82a8ccb5e85bec110dc68b26023e9d3caae",
                "sha256:c4633c39204e97f36d68deff76471a0251afe8a82562034e4eda63673ee62d36",
                "sha256:c51a274b7e8b9ce394c3f8b471eb0b23c1914eec64fdccf674e082daf72abf11",
                "sha256:ca449642a08a6ceddf6e6775b874b6aee1b6242ed80aea84124497aba28e5384",
                "sha256:cbf768541526eba5ef1a49f991122e41b39781eafd0445a5a110fc09947a20b5",
                "sha256:d305b86ef10b23cf3a6d62a2ad23fa296f76495183ee623f64d2600f65ffe09c",
                "sha256:d385141b186cc39ebe4863c1e41936282c65df19b2d06a701dedc2a898877d6a",
                "sha256:d41f733476eecf7a919a1b909b12e67f247564b21c2b5d13e5f17851340847da",
                "sha256:d49c35ae1e35ee9b569892cf8f8f88db9524f28d66e9daee547a5ef9f3c5f468",
                "sha256:d7062d40efa3dfa04762901183b836ce15c07ed08d5c0d5c17e5b7bfea1527f5",
                "sha256:d9ac41f0dbab4adde2e687bfd6a7dff9ed861e2b83954112bc8048fc1cd354d0",
                "sha256:dc18bb975666b443ba23aedd2fcf57e9d0d97546b52a1de97a447c4061ba4110",
                "sha256:dd9cce7e3f691eaf0c55c37946956bfdfc9e3b68adf046894932c22ab2d71781",
                "sha256:dee11e611b6434c49d35ad3d050371dc33b59a381685628cc74fa7b6647a2802",
                "sha256:dee75f5601f3b1c27ad3255054b8e49339fa2b9f08cb2941f61d2be85857a4ce",
                "sha256:e0cdcea2affa53fa17dc4bf5cefc0edf72583eac987d669493a019998a623fa3",
                "sha256:e205c4869a28ec4447375333072978356cd0eeadd0412c643543238e638b89a3",
                "sha256:e31c76bd066fb4f81d9a32e5843bffdf939ab27afb1ffc1c924e749bfbdb00e3",
                "sha256:e3b455459e5ed424a4cc277cd085fc1a50a05b940af30703a13a8ec0932d6a69",
                "sha256:e4f97aee337b947e6699e5574c90d087d3e2ce517016241c07e7e98a28dca885",
                "sha256:e60cd0bcacbfd1a96d63516b622183fb2e3f202300df9eb5533391a8a939dbfa",
                "sha256:ebd816653707fbf10c65e3dee3bc24dac6b691654c21533b1ae49287433f4db0",
                "sha256:ec160a2b7e2b3cb71ec35010b19a1adea05785d19ba5c9c5f986b64b78fef564",
                "sha256:ecc3d55ed756ee6c3447748862a97e1f5392d2c5d7f474bace9382345e4fc274",
                "sha256:ed12ec0b1be37a7ed5395a9d236e7242b9f36a52c668d299c41b00a141ca7c5b",
                "sha256:ee2a470a1be95c3df59eb7264315b767749a7b7377a7e555ffc70c9d51bee8e0",
                "sha256:eecce87cc09233786fc31c230268183bf6375126cfec1c8b3673fcdc8767b560",
                "sha256:f01b7b0316d4c0926d49a7f003b2d30539f392b140a3374bb788bad180bc8478",
                "sha256:f0f2ee1be1b72e9890da87e4e422f2f703ff4638fd5ec5383055db431e8e30e9",
                "sha256:f185fd6e7d550e9917d7103dccf51be589aba953e15994fb04646c1730019685",
                "sha256:fb04a997588c3980894ded9172c10c5a3e45d3f1c5410472733626d268683806",
                "sha256:fbd7d14349413f5609c0b537b1a48117d6ccef1af37986af6b03766ad05bf43e",
                "sha256:fd7f6158824b8bc1e96ae87fb14159553be8f7fa82aec73e0bdf98a5af54290c",
                "sha256:fdfdad73736402375b11b3a137e48cd09634177516baf5fc0bd80d1ca85f3cda",
                "sha256:fe4bcbad99274188c95160f06bde838ac0b043638bc58055426c43ec15ca417e",
                "sha256:ff016e86ec14ae96253a3834302e0e89981956b73e4e74617eeba4a6a81da08b"
            ],
            "markers": "python_version >= '3.8'",
            "version": "==6.0.4"
        },
        "numpy": {
            "hashes": [
                "sha256:07077278157d02f65c43b1b26a3886bce886f95d20aabd11f87932750dfb14ed",
                "sha256:08f2e31ed5e6f04b118e49821397f12767934cfdd12a1ce86a058f91e004ee50",
                "sha256:0aec54fd785890ecca25a6003fd9a5aed47ad607bbac5cd64f836ad8666f4959",
                "sha256:0d35aea54ad1d420c812bfa0385c71cd7cc5bcf7c65fed95fc2cd02fe8c79827",
                "sha256:0d4e437e295f18ec29bc79daf55e8a47a9113df44d66f702f02a293d93a2d6dd",
                "sha256:0dfd3f9d3adbe2920b68b5cd3d51444e13a10792ec7154cd0a2f6e74d4ab3233",
                "sha256:1378871da56ca8943c2ba674530924bb8ca40cd228358a3b5f302ad60cf875fc",
                "sha256:15716cfef24d3a9762e3acdf87e27f58dc823d1348f765bbea6bef8c639bfa1b",
                "sha256:19710a9ca9992d7174e9c52f643d4272dcd1558c5f7af7f6f8190f633bd651a7",
                "sha256:23cbfd4c17357c81021f21540da84ee282b9c8fba38a03b7b9d09ba6b951421e",
                "sha256:2483e4584a1cb3092da4470b38866634bafb223cbcd551ee047633fd2584599a",
                "sha256:27a8d92cd10f1382a67d7cf4db7ce18341b66438bdd9f691d7b0e48d104c2a9d",
                "sha256:28a650663f7314afc3e6ec620f44f333c386aad9f6fc472030865dc0ebb26ee3",
                "sha256:2aa0613a5177c264ff5921051a5719d20095ea586ca88cc802c5c218d1c67d3e",
                "sha256:2c194dd721e54ecad9ad387c1d35e63dce5c4450c6dc7dd5611283dda239aabb",
                "sha256:2d19e6e2095506d1736b7d80595e0f252d76b89f5e715c35e06e937679ea7d7a",
                "sha256:2d390634c5182175533585cc89f3608a4682ccb173cc9bb940b2881c8d6f8fa0",
                "sha256:30caa73029a225b2d40d9fae193e008e24b2026b7ee1a867b7ee8d96ca1a448e",
                "sha256:42c16925aa5a02362f986765f9ebabf20de75cdefdca827d14315c568dcab113",
                "sha256:45dbed2ab436a9e826e302fcdcbe9133f9b0006e5af7168afb8963a6520da103",
                "sha256:4636de7fd195197b7535f231b5de9e4b36d2c440b6e566d2e4e4746e6af0ca93",
                "sha256:4a19d9dba1a76618dd86b164d608566f393f8ec6ac7c44f0cc879011c45e65af",
                "sha256:4bbc7f303d125971f60ec0aaad5e12c62d0d2c925f0ab1273debd0e4ba37aba5",
                "sha256:4d6d57903571f86180eb98f8f0c839fa9ebbfb031356d87f1361be91e433f5b7",
                "sha256:4e874c976154687c1f71715b034739b45c7711bec81db01914770373d125e392",
                "sha256:51fc224f7ca4d92656d5a5eb315f12eb5fe2c97a66249aa7b5f562528a3be38c",
                "sha256:58c8b5929fcb8287cbd6f0a3fae19c6e03a5c48402ae792962ac465224a629a4",
                "sha256:5a285b3b96f951841799528cd1f4f01cd70e7e0204b4abebac9463eecfcf2a40",
                "sha256:5c70f1cc1c4efbe316a572e2d8b9b9cc44e89b95f79ca3331553fbb63716e2bf",
                "sha256:62d6b0f03b694173f9fcb1fb317f7222fd0b0b103e784c6549f5e53a27718c44",
                "sha256:6a246d5914aa1c820c9443ddcee9c02bec3e203b0c080349533fae17727dfd1b",
                "sha256:6aa3236c78803afbcb255045fbef97a9e25a1f6c9888357d205ddc42f4d6eba5",
                "sha256:6bbe4eb67390b0a0265a2c25458f6b90a409d5d069f1041e6aff1e27e3d9a79e",
                "sha256:715d1c092715954784bc79e1174fc2a90093dc4dc84ea15eb14dad8abdcdeb74",
                "sha256:72944b19f2324114e9dc86a159787333b77874143efcf89a5167ef83cfee8af0",
                "sha256:81f4a14bee47aec54f883e0cad2d73986640c1590eb9bfaaba7ad17394481e6e",
                "sha256:846300f379b5b12cc769334464656bc882e0735d27d9726568bc932fdc49d5ec",
                "sha256:86b6f55f5a352b48d7fbfd2dbc3d5b780b2d79f4d3c121f33eb6efb22e9a2015",
                "sha256:874f200b2a981c647340f841730fc3a2b54c9d940566a3c4149099591e2c4c3d",
                "sha256:8a87ec22c87be071b6bdbd27920b129b94f2fc964358ce38f3822635a3e2e03d",
                "sha256:8b3b60bb7cba2c8c81837661c488637eee696f59a877788a396d33150c35d842",
                "sha256:8e3ed142f2728df44263aaf5fb1f5b0b99f4070c553a0d7f033be65338329150",
                "sha256:93e15038125dc1e5345d9b5b68aa7f996ec33b98118d18c6ca0d0b7d6198b7e8",
                "sha256:989824e9faf85f96ec9c7761cd8d29c531ad857bfa1daa930cba85baaecf1a9a",
                "sha256:99d838547ace2c4aace6c4f76e879ddfe02bb58a80c1549928477862b7a6d6ed",
                "sha256:9b2aec6af35c113b05695ebb5749a787acd63cafc83086a05771d1e1cd1e555f",
                "sha256:9c585a1790d5436a5374bac930dad6ed244c046ed91b2b2a3634eb2971d21008",
                "sha256:a7164afb23be6e37ad90b2f10426149fd75aee07ca55653d2aa41e66c4ef697e",
                "sha256:ac6b31e35612a26483e20750126d30d0941f949426974cace8e6b5c58a3657b0",
                "sha256:ad2e2ef14e0b04e544ea2fa0a36463f847f113d314aa02e5b402fdf910ef309e",
                "sha256:b268594bccac7d7cf5844c7732e3f20c50921d94e36d7ec9b79e9857694b1b2f",
                "sha256:b5f0362dc928a6ecd9db58868fca5e48485205e3855957bdedea308f8672ea4a",
                "sha256:ba1f4fc670ed79f876f70082eff4f9583c15fb9a4b89d6188412de4d18ae2f40",
                "sha256:ba203255017337d39f89bdd58417f03c4426f12beed0440cfd933cb15f8669c7",
                "sha256:c901b15172510173f5cb310eae652908340f8dede90fff9e3bf6c0d8dfd92f83",
                "sha256:c9b39d38a9bd2ae1becd7eac1303d031c5c110ad31f2b319c6e7d98b135c934d",
                "sha256:d2a8490669bfe99a233298348acc2d824d496dee0e66e31b66a6022c2ad74a5c",
                "sha256:dddbbd259598d7240b18c9d87c56a9d2fb3b02fe266f49a7c101532e78c1d871",
                "sha256:df3775294accfdd75f32c74ae39fcba920c9a378a2fc18a12b6820aa8c1fb502",
                "sha256:e44319a2953c738205bf3354537979eaa3998ed673395b964c1176083dd46252",
                "sha256:e4a010c27ff6f210ff4c6ef34394cd61470d01014439b192ec22552ee867f2a8",
                "sha256:e823b8b6edc81e747526f70f71a9c0a07ac4e7ad13020aa736bb7c9d67196115",
                "sha256:e892aff75639bbef0d2a2cfd55535510df26ff92f63c92cd84ef8d4ba5a5557f",
                "sha256:eea7ac5d2dce4189771cedb559c738a71512768210dc4e4753b107a2048b3d0e",
                "sha256:ef4059d6e5152fa1a39f888e344c73fdc926e1b2dd58c771d67b0acfbf2aa67d",
                "sha256:f169b9a863d34f5d11b8698ead99febeaa17a13ca044961aa8e2662a6c7766a0",
                "sha256:f2cf083b324a467e1ab358c105f6cad5ea950f50524668a80c486ff1db24e119",
                "sha256:f8474c4241bc18b750be2abea9d7a9ec84f46ef861dbacf86a4f6e043401f79e",
                "sha256:f983334aea213c99992053ede6168500e5f086ce74fbc4acc3f2b00f5762e9db",
                "sha256:f9e75681b59ddaa5e659898085ae0eaea229d054f2ac0c7e563a62205a700121",
                "sha256:fbc356aae7adf9e6336d336b9c8111d390a05df88f1805573ebb0807bd06fd1d",
                "sha256:fcfe2045fd2e8f3cb0ce9d4ba6dba6333b8fa05bb8a4939c908cd43322d14c7e"
            ],
            "markers": "python_version >= '3.11'",
            "version": "==2.4.4"
        },
        "openpyxl": {
            "hashes": [
                "sha256:5282c12b107bffeef825f4617dc029afaf41d0ea60823bbb665ef3079dc79de2",
                "sha256:cf0e3cf56142039133628b5acffe8ef0c12bc902d2aadd3e0fe5878dc08d1050"
            ],
            "index": "pypi",
            "markers": "python_version >= '3.8'",
            "version": "==3.1.5"
        },
        "pandas": {
            "hashes": [
                "sha256:01f31a546acd5574ef77fe199bc90b55527c225c20ccda6601cf6b0fd5ed597c",
                "sha256:0555c5882688a39317179ab4a0ed41d3ebc8812ab14c69364bbee8fb7a3f6288",
                "sha256:07a10f5c36512eead51bc578eb3354ad17578b22c013d89a796ab5eee90cd991",
                "sha256:08504503f7101300107ecdc8df73658e4347586db5cfdadabc1592e9d7e7a0fd",
                "sha256:0f48afd9bb13300ffb5a3316973324c787054ba6665cda0da3fbd67f451995db",
                "sha256:140f0cffb1fa2524e874dde5b477d9defe10780d8e9e220d259b2c0874c89d9d",
                "sha256:232a70ebb568c0c4d2db4584f338c1577d81e3af63292208d615907b698a0f18",
                "sha256:32cc41f310ebd4a296d93515fcac312216adfedb1894e879303987b8f1e2b97d",
                "sha256:339dda302bd8369dedeae979cb750e484d549b563c3f54f3922cb8ff4978c5eb",
                "sha256:4544c7a54920de8eeacaa1466a6b7268ecfbc9bc64ab4dbb89c6bbe94d5e0660",
                "sha256:4d888a5c678a419a5bb41a2a93818e8ed9fd3172246555c0b37b7cc27027effd",
                "sha256:5371b72c2d4d415d08765f32d689217a43227484e81b2305b52076e328f6f482",
                "sha256:57a07209bebcbcf768d2d13c9b78b852f9a15978dac41b9e6421a81ad4cdd276",
                "sha256:5880314e69e763d4c8b27937090de570f1fb8d027059a7ada3f7f8e98bdcb677",
                "sha256:5d3cfe227c725b1f3dff4278b43d8c784656a42a9325b63af6b1492a8232209e",
                "sha256:5fdbfa05931071aba28b408e59226186b01eb5e92bea2ab78b65863ca3228d84",
                "sha256:60a80bb4feacbef5e1447a3f82c33209c8b7e07f28d805cfd1fb951e5cb443aa",
                "sha256:61c2fd96d72b983a9891b2598f286befd4ad262161a609c92dc1652544b46b76",
                "sha256:63d141b56ef686f7f0d714cfb8de4e320475b86bf4b620aa0b7da89af8cbdbbb",
                "sha256:6c4d8458b97a35717b62469a4ea0e85abd5ed8687277f5ccfc67f8a5126f8c53",
                "sha256:710246ba0616e86891b58ab95f2495143bb2bc83ab6b06747c74216f583a6ac9",
                "sha256:734be7551687c00fbd760dc0522ed974f82ad230d4a10f54bf51b80d44a08702",
                "sha256:7cadd7e9a44ec13b621aec60f9150e744cfc7a3dd32924a7e2f45edff31823b0",
                "sha256:81526c4afd31971f8b62671442a4b2b51e0aa9acc3819c9f0f12a28b6fcf85f1",
                "sha256:970762605cff1ca0d3f71ed4f3a769ea8f85fc8e6348f6e110b8fea7e6eb5a14",
                "sha256:a3096110bf9eac0070b7208465f2740e2d8a670d5cb6530b5bb884eca495fd39",
                "sha256:a4785e1d6547d8427c5208b748ae2efb64659a21bd82bf440d4262d02bfa02a4",
                "sha256:a727a73cbdba2f7458dc82449e2315899d5140b449015d822f515749a46cbbe0",
                "sha256:ae37e833ff4fed0ba352f6bdd8b73ba3ab3256a85e54edfd1ab51ae40cca0af8",
                "sha256:aff4e6f4d722e0652707d7bcb190c445fe58428500c6d16005b02401764b1b3d",
                "sha256:b35d14bb5d8285d9494fe93815a9e9307c0876e10f1e8e89ac5b88f728ec8dcf",
                "sha256:b444dc64c079e84df91baa8bf613d58405645461cabca929d9178f2cd392398d",
                "sha256:b5329e26898896f06035241a626d7c335daa479b9bbc82be7c2742d048e41172",
                "sha256:b5918ba197c951dec132b0c5929a00c0bf05d5942f590d3c10a807f6e15a57d3",
                "sha256:b75c347eff42497452116ce05ef461822d97ce5b9ff8df6edacb8076092c855d",
                "sha256:c3b723df9087a9a9a840e263ebd9f88b64a12075d1bf2ea401a5a42f254f084d",
                "sha256:c934008c733b8bbea273ea308b73b3156f0181e5b72960790b09c18a2794fe1e",
                "sha256:d1478075142e83a5571782ad007fb201ed074bdeac7ebcc8890c71442e96adf7",
                "sha256:d606a041c89c0a474a4702d532ab7e73a14fe35c8d427b972a625c8e46373668",
                "sha256:db0dbfd2a6cdf3770aa60464d50333d8f3d9165b2f2671bcc299b72de5a6677b",
                "sha256:dbbd4aa20ca51e63b53bbde6a0fa4254b1aaabb74d2f542df7a7959feb1d760c",
                "sha256:dbc20dea3b9e27d0e66d74c42b2d0c1bed9c2ffe92adea33633e3bedeb5ac235",
                "sha256:deeca1b5a931fdf0c2212c8a659ade6d3b1edc21f0914ce71ef24456ca7a6535",
                "sha256:ed72cb3f45190874eb579c64fa92d9df74e98fd63e2be7f62bce5ace0ade61df",
                "sha256:ef8b27695c3d3dc78403c9a7d5e59a62d5464a7e1123b4e0042763f7104dc74f",
                "sha256:f12b1a9e332c01e09510586f8ca9b108fd631fd656af82e452d7315ef6df5f9f",
                "sha256:f4753e73e34c8d83221ba58f232433fca2748be8b18dbca02d242ed153945043",
                "sha256:f8d68083e49e16b84734eb1a4dcae4259a75c90fb6e2251ab9a00b61120c06ab"
            ],
            "index": "pypi",
            "markers": "python_version >= '3.11'",
            "version": "==3.0.2"
        },
        "psutil": {
            "hashes": [
                "sha256:0746f5f8d406af344fd547f1c8daa5f5c33dbc293bb8d6a16d80b4bb88f59372",
                "sha256:076a2d2f923fd4821644f5ba89f059523da90dc9014e85f8e45a5774ca5bc6f9",
                "sha256:11fe5a4f613759764e79c65cf11ebdf26e33d6dd34336f8a337aa2996d71c841",
                "sha256:1a571f2330c966c62aeda00dd24620425d4b0cc86881c89861fbc04549e5dc63",
                "sha256:1a7b04c10f32cc88ab39cbf606e117fd74721c831c98a27dc04578deb0c16979",
                "sha256:1fa4ecf83bcdf6e6c8f4449aff98eefb5d0604bf88cb883d7da3d8d2d909546a",
                "sha256:2edccc433cbfa046b980b0df0171cd25bcaeb3a68fe9022db0979e7aa74a826b",
                "sha256:7b6d09433a10592ce39b13d7be5a54fbac1d1228ed29abc880fb23df7cb694c9",
                "sha256:8c233660f575a5a89e6d4cb65d9f938126312bca76d8fe087b947b3a1aaac9ee",
                "sha256:917e891983ca3c1887b4ef36447b1e0873e70c933afc831c6b6da078ba474312",
                "sha256:ab486563df44c17f5173621c7b198955bd6b613fb87c71c161f827d3fb149a9b",
                "sha256:ae0aefdd8796a7737eccea863f80f81e468a1e4cf14d926bd9b6f5f2d5f90ca9",
                "sha256:b0726cecd84f9474419d67252add4ac0cd9811b04d61123054b9fb6f57df6e9e",
                "sha256:b58fabe35e80b264a4e3bb23e6b96f9e45a3df7fb7eed419ac0e5947c61e47cc",
                "sha256:c7663d4e37f13e884d13994247449e9f8f574bc4655d509c3b95e9ec9e2b9dc1",
                "sha256:e452c464a02e7dc7822a05d25db4cde564444a67e58539a00f929c51eddda0cf",
                "sha256:e78c8603dcd9a04c7364f1a3e670cea95d51ee865e4efb3556a3a63adef958ea",
                "sha256:eb7e81434c8d223ec4a219b5fc1c47d0417b12be7ea866e24fb5ad6e84b3d988",
                "sha256:ed0cace939114f62738d808fdcecd4c869222507e266e574799e9c0faa17d486",
                "sha256:eed63d3b4d62449571547b60578c5b2c4bcccc5387148db46e0c2313dad0ee00",
                "sha256:fd04ef36b4a6d599bbdb225dd1d3f51e00105f6d48a28f006da7f9822f2606d8"
            ],
            "markers": "python_version >= '3.6'",
            "version": "==7.2.2"
        },
        "python-dateutil": {
            "hashes": [
                "sha256:37dd54208da7e1cd875388217d5e00ebd4179249f90fb72437e91a35459a0ad3",
                "sha256:a8b2bc7bffae282281c8140a97d3aa9c14da0b136dfe83f850eea9a5f7470427"
            ],
            "markers": "python_version >= '2.7' and python_version not in '3.0, 3.1, 3.2'",
            "version": "==2.9.0.post0"
        },
        "scipy": {
            "hashes": [
                "sha256:010f4333c96c9bb1a4516269e33cb5917b08ef2166d5556ca2fd9f082a9e6ea0",
                "sha256:02ae3b274fde71c5e92ac4d54bc06c42d80e399fec704383dcd99b301df37458",
                "sha256:08b900519463543aa604a06bec02461558a6e1cef8fdbb8098f77a48a83c8118",
                "sha256:131f5aaea57602008f9822e2115029b55d4b5f7c070287699fe45c661d051e39",
                "sha256:158dd96d2207e21c966063e1635b1063cd7787b627b6f07305315dd73d9c679e",
                "sha256:1cc682cea2ae55524432f3cdff9e9a3be743d52a7443d0cba9017c23c87ae2f6",
                "sha256:1f95b894f13729334fb990162e911c9e5dc1ab390c58aa6cbecb389c5b5e28ec",
                "sha256:200e1050faffacc162be6a486a984a0497866ec54149a01270adc8a59b7c7d21",
                "sha256:2040ad4d1795a0ae89bfc7e8429677f365d45aa9fd5e4587cf1ea737f927b4a1",
                "sha256:2b64ca7d4aee0102a97f3ba22124052b4bd2152522355073580bf4845e2550b6",
                "sha256:2ceb2d3e01c5f1d83c4189737a42d9cb2fc38a6eeed225e7515eef71ad301dce",
                "sha256:35c3a56d2ef83efc372eaec584314bd0ef2e2f0d2adb21c55e6ad5b344c0dcb8",
                "sha256:37425bc9175607b0268f493d79a292c39f9d001a357bebb6b88fdfaff13f6448",
                "sha256:3877ac408e14da24a6196de0ddcace62092bfc12a83823e92e49e40747e52c19",
                "sha256:3fd1fcdab3ea951b610dc4cef356d416d5802991e7e32b5254828d342f7b7e0b",
                "sha256:41b71f4a3a4cab9d366cd9065b288efc4d4f3c0b37a91a8e0947fb5bd7f31d87",
                "sha256:43af8d1f3bea642559019edfe64e9b11192a8978efbd1539d7bc2aaa23d92de4",
                "sha256:45abad819184f07240d8a696117a7aacd39787af9e0b719d00285549ed19a1e9",
                "sha256:4b400bdc6f79fa02a4d86640310dde87a21fba0c979efff5248908c6f15fad1b",
                "sha256:4eb6c25dd62ee8d5edf68a8e1c171dd71c292fdae95d8aeb3dd7d7de4c364082",
                "sha256:581b2264fc0aa555f3f435a5944da7504ea3a065d7029ad60e7c3d1ae09c5464",
                "sha256:5cf36e801231b6a2059bf354720274b7558746f3b1a4efb43fcf557ccd484a87",
                "sha256:5e3c5c011904115f88a39308379c17f91546f77c1667cea98739fe0fccea804c",
                "sha256:6609bc224e9568f65064cfa72edc0f24ee6655b47575954ec6339534b2798369",
                "sha256:6e3dcd57ab780c741fde8dc68619de988b966db759a3c3152e8e9142c26295ad",
                "sha256:6fac755ca3d2c3edcb22f479fceaa241704111414831ddd3bc6056e18516892f",
                "sha256:744b2bf3640d907b79f3fd7874efe432d1cf171ee721243e350f55234b4cec4c",
                "sha256:74cbb80d93260fe2ffa334efa24cb8f2f0f622a9b9febf8b483c0b865bfb3475",
                "sha256:766e0dc5a616d026a3a1cffa379af959671729083882f50307e18175797b3dfd",
                "sha256:7bdf2da170b67fdf10bca777614b1c7d96ae3ca5794fd9587dce41eb2966e866",
                "sha256:7ff200bf9d24f2e4d5dc6ee8c3ac64d739d3a89e2326ba68aaf6c4a2b838fd7d",
                "sha256:844e165636711ef41f80b4103ed234181646b98a53c8f05da12ca5ca289134f6",
                "sha256:8a604bae87c6195d8b1045eddece0514d041604b14f2727bbc2b3020172045eb",
                "sha256:94055a11dfebe37c656e70317e1996dc197e1a15bbcc351bcdd4610e128fe1ca",
                "sha256:95d8e012d8cb8816c226aef832200b1d45109ed4464303e997c5b13122b297c0",
                "sha256:9cdc1a2fcfd5c52cfb3045feb399f7b3ce822abdde3a193a6b9a60b3cb5854ca",
                "sha256:9ecb4efb1cd6e8c4afea0daa91a87fbddbce1b99d2895d151596716c0b2e859d",
                "sha256:a3472cfbca0a54177d0faa68f697d8ba4c80bbdc19908c3465556d9f7efce9ee",
                "sha256:a4328d245944d09fd639771de275701ccadf5f781ba0ff092ad141e017eccda4",
                "sha256:a48a72c77a310327f6a3a920092fa2b8fd03d7deaa60f093038f22d98e096717",
                "sha256:a720477885a9d2411f94a93d16f9d89bad0f28ca23c3f8daa521e2dcc3f44d49",
                "sha256:a77cbd07b940d326d39a1d1b37817e2ee4d79cb30e7338f3d0cddffae70fcaa2",
                "sha256:a9956e4d4f4a301ebf6cde39850333a6b6110799d470dbbb1e25326ac447f52a",
                "sha256:adb2642e060a6549c343603a3851ba76ef0b74cc8c079a9a58121c7ec9fe2350",
                "sha256:beeda3d4ae615106d7094f7e7cef6218392e4465cc95d25f900bebabfded0950",
                "sha256:c80be5ede8f3f8eded4eff73cc99a25c388ce98e555b17d31da05287015ffa5b",
                "sha256:cc90d2e9c7e5c7f1a482c9875007c095c3194b1cfedca3c2f3291cdc2bc7c086",
                "sha256:cd96a1898c0a47be4520327e01f874acfd61fb48a9420f8aa9f6483412ffa444",
                "sha256:d2650c1fb97e184d12d8ba010493ee7b322864f7d3d00d3f9bb97d9c21de4068",
                "sha256:d30e57c72013c2a4fe441c2fcb8e77b14e152ad48b5464858e07e2ad9fbfceff",
                "sha256:d59c30000a16d8edc7e64152e30220bfbd724c9bbb08368c054e24c651314f0a",
                "sha256:dbc12c9f3d185f5c737d801da555fb74b3dcfa1a50b66a1a93e09190f41fab50",
                "sha256:e18f12c6b0bc5a592ed23d3f7b891f68fd7f8241d69b7883769eb5d5dfb52696",
                "sha256:e19ebea31758fac5893a2ac360fedd00116cbb7628e650842a6691ba7ca28a21",
                "sha256:e30bdeaa5deed6bc27b4cc490823cd0347d7dae09119b8803ae576ea0ce52e4c",
                "sha256:eb092099205ef62cd1782b006658db09e2fed75bffcae7cc0d44052d8aa0f484",
                "sha256:eee2cfda04c00a857206a4330f0c5e3e56535494e30ca445eb19ec624ae75118",
                "sha256:f4115102802df98b2b0db3cce5cb9b92572633a1197c77b7553e5203f284a5b3",
                "sha256:f590cd684941912d10becc07325a3eeb77886fe981415660d9265c4c418d0bea",
                "sha256:f8885db0bc2bffa59d5c1b72fad7a6a92d3e80e7257f967dd81abb553a90d293",
                "sha256:fcb310ddb270a06114bb64bbe53c94926b943f5b7f0842194d585c65eb4edd76"
            ],
            "index": "pypi",
            "markers": "python_version >= '3.11'",
            "version": "==1.17.1"
        },
        "six": {
            "hashes": [
                "sha256:4721f391ed90541fddacab5acf947aa0d3dc7d27b2e1e8eda2be8970586c3274",
                "sha256:ff70335d468e7eb6ec65b95b99d3a2836546063f63acc5171de367e834932a81"
            ],
            "markers": "python_version >= '2.7' and python_version not in '3.0, 3.1, 3.2'",
            "version": "==1.17.0"
        },
        "xlwings": {
            "hashes": [
                "sha256:04bf25e2bc863bc0b50ff201cb135bfecebeacc6d2695ac4716e7731e8afea29",
                "sha256:069942bd032fb4c858df0f24753909426ea31ba2382cbd35ef55841e4774c28d",
                "sha256:0b62fb66989f41b48d5ebf5d135ec9531c7a2ab6506c8e218338d5a1e0792647",
                "sha256:0ffd054ab88a34e90e6bf79a953ebb8a7ec1853b17ff13396dfec38665e712a8",
                "sha256:1028d45429d4e30d94b2dc2b58a9949a3bd6ceaf86d67208ea3521cec6d75840",
                "sha256:15be04504e059de2e4cc1ce495e88ab0f07355a0ec2da7bf6bcac510d2be6526",
                "sha256:1e5eac66ae01bf1f7f3f16c3f33dda95769460e2a1d97cbd9162563688705e07",
                "sha256:26345b6523ad911037441f20b1cf6addc269d83d464b9c617d0be4f402f05aa8",
                "sha256:26488689444eed9fa8e9dc888f1226f6dcefcdce03b16bb43475d53e473c80a2",
                "sha256:26ec78ee0f34c8fc5a8b7d942d586c7f79edaece28e8a6b68fd280f102b7a127",
                "sha256:2c614ab22a1d4f9cd33b856b73d88db98596084b615ef662cd652f1be5c21cb2",
                "sha256:2d459f94210f4d59773303b6d0648f5952360a72a51968ba62fc60e80d43c8b5",
                "sha256:2e36954bd2630b275ea12f07cb84322f1a4ec5fb7797414bf750b96ff222a27f",
                "sha256:2feab6924c6148b3bffdd69eb48e86bfd92f05b87026652dcc521938d07a9a63",
                "sha256:30602a43ea7b790dfdaf71602785da96bc0e95bc4ff1cc9e4029f91cd478b3e3",
                "sha256:314ed8c5be699801c026ab2d3b9cdc4b4565cb725a2e082b63a84bdc7903cda4",
                "sha256:33593f30ea01a69e96730beacdcd7af56f548ce93209a2d9bd1437b4aa9dcad5",
                "sha256:3a557c7ebf5709fc9d51705a73fe66952d03479092e56df580e5ae06877c02c6",
                "sha256:3b53745408c64025e02f024f651bafc311aabc642d2080cae45115f387e60616",
                "sha256:3d436ff341866acbeceececbf9138e8ef8aa293a679a65e0668422c8051648bd",
                "sha256:3f6f28de07fc2f9165e5e0bd296d1cd70efe41a826c9eee150ba8b85ce606277",
                "sha256:484e0a87e517249a01dd85827f27a5481192a0cd1445f696689cc751e4acd749",
                "sha256:4d9a8d25106a46a4bed157cd8ad79ad434e86803dd9c19bc403608bada66fde9",
                "sha256:62a1714be0a5c9d02dcac6b90dc086b479cb138b4fe780b57bb3660b504a63c6",
                "sha256:68f7bc2f2500487ba446d399cbff00471de1df26cdcb733d8416bc549b24c9da",
                "sha256:6cad6ac49d38e8367673a3684faf3c9d587c459c2e2c79527d0774fb08a5005d",
                "sha256:753e50c859a31949047cc12bb25379db36843495f28a51a5c333b220102a2f6f",
                "sha256:806dc85de62422edb6509fbe39b3df208f7a1feb04a43e9a38a8fa3a522add8d",
                "sha256:87489682d83184867d100aa8098163f473738bea850a10b1df599bcabd1a8924",
                "sha256:88d28727e557f6e0025c330184ed8ad3787baea2b7e406a069a5bae6a82ce2c4",
                "sha256:96841abb57658cf24079b3c1b770f24425f8544598d174b4fa553279ef88b1b5",
                "sha256:97473d16a32c251d93c67b947e88d0ec9c5bc42b0858eb3198822284a1937f13",
                "sha256:b160a443ad5aef306b06209df808cf693c2d12f35ff48775698a2916f7b7cdb4",
                "sha256:b8b3ca7db4eebba808064a4a568bbcef981782c9c898cbe5c913cafcccf01da9",
                "sha256:c08d7afba327c4b076c83e5d577a6c015be58dc9bc554cfb5c6a51b61899e693",
                "sha256:c231f420da4eb032afee4d5a140a6d7afa140ca2a2850f59c3d6ab191fc26864",
                "sha256:c35b0a20c634282dfe11939a413a1ea92c35928fa126b9f4762b7969d9749a78",
                "sha256:e78d445123a33b27623a24ad6b61c0c948ee70388355480f985de75b34653af9",
                "sha256:f04adb31d702c0c6ee74be7108626f06e72fd12c7b7c2c4425d1d7ceb4acecf4",
                "sha256:fc07b06d280b560c7c1162b22923a14d3c9859708a892974e93a4978361e985c"
            ],
            "index": "pypi",
            "markers": "python_version >= '3.9'",
            "version": "==0.35.1"
        }
    },
    "develop": {}
}
